
Microsoft Visual Studio Solution File, Format Version 12.00
# Visual Studio Version 16
VisualStudioVersion = 16.0.30128.74
MinimumVisualStudioVersion = 10.0.40219.1
Project("{FAE04EC0-301F-11D3-BF4B-00C04F79EFBC}") = "wyciagiCollect", "wyciagiCollect\wyciagiCollect.csproj", "{D37E5F3E-2E2A-4A36-A830-8CAAAB1D7349}"
EndProject
Global
	GlobalSection(SolutionConfigurationPlatforms) = preSolution
		Debug|Any CPU = Debug|Any CPU
		Debug|x86 = Debug|x86
		Release|Any CPU = Release|Any CPU
		Release|x86 = Release|x86
	EndGlobalSection
	GlobalSection(ProjectConfigurationPlatforms) = postSolution
		{D37E5F3E-2E2A-4A36-A830-8CAAAB1D7349}.Debug|Any CPU.ActiveCfg = Debug|Any CPU
		{D37E5F3E-2E2A-4A36-A830-8CAAAB1D7349}.Debug|Any CPU.Build.0 = Debug|Any CPU
		{D37E5F3E-2E2A-4A36-A830-8CAAAB1D7349}.Debug|x86.ActiveCfg = Debug|Any CPU
		{D37E5F3E-2E2A-4A36-A830-8CAAAB1D7349}.Debug|x86.Build.0 = Debug|Any CPU
		{D37E5F3E-2E2A-4A36-A830-8CAAAB1D7349}.Release|Any CPU.ActiveCfg = Release|Any CPU
		{D37E5F3E-2E2A-4A36-A830-8CAAAB1D7349}.Release|Any CPU.Build.0 = Release|Any CPU
		{D37E5F3E-2E2A-4A36-A830-8CAAAB1D7349}.Release|x86.ActiveCfg = Release|Any CPU
		{D37E5F3E-2E2A-4A36-A830-8CAAAB1D7349}.Release|x86.Build.0 = Release|Any CPU
	EndGlobalSection
	GlobalSection(SolutionProperties) = preSolution
		HideSolutionNode = FALSE
	EndGlobalSection
	GlobalSection(ExtensibilityGlobals) = postSolution
		SolutionGuid = {F125A9A7-68EC-4E8E-B514-2C84EBD28644}
	EndGlobalSection
EndGlobal
